
Microsoft Visual Studio Solution File, Format Version 12.00
# Visual Studio Version 17
VisualStudioVersion = 17.14.36414.22
MinimumVisualStudioVersion = 10.0.40219.1
Project("{FAE04EC0-301F-11D3-BF4B-00C04F79EFBC}") = "PhotoUploader", "MauiApp1\PhotoUploader.csproj", "{A25B2457-8D29-49A7-99D3-7A2D6DA8A782}"
EndProject
Global
	GlobalSection(SolutionConfigurationPlatforms) = preSolution
		Debug|Any CPU = Debug|Any CPU
		Release|Any CPU = Release|Any CPU
	EndGlobalSection
	GlobalSection(ProjectConfigurationPlatforms) = postSolution
		{A25B2457-8D29-49A7-99D3-7A2D6DA8A782}.Debug|Any CPU.ActiveCfg = Debug|Any CPU
		{A25B2457-8D29-49A7-99D3-7A2D6DA8A782}.Debug|Any CPU.Build.0 = Debug|Any CPU
		{A25B2457-8D29-49A7-99D3-7A2D6DA8A782}.Debug|Any CPU.Deploy.0 = Debug|Any CPU
		{A25B2457-8D29-49A7-99D3-7A2D6DA8A782}.Release|Any CPU.ActiveCfg = Release|Any CPU
		{A25B2457-8D29-49A7-99D3-7A2D6DA8A782}.Release|Any CPU.Build.0 = Release|Any CPU
	EndGlobalSection
	GlobalSection(SolutionProperties) = preSolution
		HideSolutionNode = FALSE
	EndGlobalSection
	GlobalSection(ExtensibilityGlobals) = postSolution
		SolutionGuid = {BF264D28-2761-4F41-9337-7305490FAD59}
	EndGlobalSection
EndGlobal
